
Microsoft Visual Studio Solution File, Format Version 12.00
# Visual Studio Version 16
VisualStudioVersion = 16.0.31624.102
MinimumVisualStudioVersion = 10.0.40219.1
Project("{FAE04EC0-301F-11D3-BF4B-00C04F79EFBC}") = "DesignPatterns", "DesignPatterns\DesignPatterns.csproj", "{86ED3249-C3C0-4F7B-B436-1B7025C6C329}"
EndProject
Global
	GlobalSection(SolutionConfigurationPlatforms) = preSolution
		Debug|Any CPU = Debug|Any CPU
		Release|Any CPU = Release|Any CPU
	EndGlobalSection
	GlobalSection(ProjectConfigurationPlatforms) = postSolution
		{86ED3249-C3C0-4F7B-B436-1B7025C6C329}.Debug|Any CPU.ActiveCfg = Debug|Any CPU
		{86ED3249-C3C0-4F7B-B436-1B7025C6C329}.Debug|Any CPU.Build.0 = Debug|Any CPU
		{86ED3249-C3C0-4F7B-B436-1B7025C6C329}.Release|Any CPU.ActiveCfg = Release|Any CPU
		{86ED3249-C3C0-4F7B-B436-1B7025C6C329}.Release|Any CPU.Build.0 = Release|Any CPU
	EndGlobalSection
	GlobalSection(SolutionProperties) = preSolution
		HideSolutionNode = FALSE
	EndGlobalSection
	GlobalSection(ExtensibilityGlobals) = postSolution
		SolutionGuid = {344B935E-48A4-4097-8F5F-27C6FC94D173}
	EndGlobalSection
EndGlobal
